
Microsoft Visual Studio Solution File, Format Version 12.00
# Visual Studio Version 16
VisualStudioVersion = 16.0.29306.81
MinimumVisualStudioVersion = 10.0.40219.1
Project("{FAE04EC0-301F-11D3-BF4B-00C04F79EFBC}") = "Inmobiliaria", "Inmobiliaria.csproj", "{4C9056C5-BC36-4710-A8A3-FD78E2519680}"
EndProject
Global
	GlobalSection(SolutionConfigurationPlatforms) = preSolution
		Debug|Any CPU = Debug|Any CPU
		Release|Any CPU = Release|Any CPU
	EndGlobalSection
	GlobalSection(ProjectConfigurationPlatforms) = postSolution
		{4C9056C5-BC36-4710-A8A3-FD78E2519680}.Debug|Any CPU.ActiveCfg = Debug|Any CPU
		{4C9056C5-BC36-4710-A8A3-FD78E2519680}.Debug|Any CPU.Build.0 = Debug|Any CPU
		{4C9056C5-BC36-4710-A8A3-FD78E2519680}.Release|Any CPU.ActiveCfg = Release|Any CPU
		{4C9056C5-BC36-4710-A8A3-FD78E2519680}.Release|Any CPU.Build.0 = Release|Any CPU
	EndGlobalSection
	GlobalSection(SolutionProperties) = preSolution
		HideSolutionNode = FALSE
	EndGlobalSection
	GlobalSection(ExtensibilityGlobals) = postSolution
		SolutionGuid = {12BEB9A2-235E-4629-B9DB-BB615BAC0F77}
	EndGlobalSection
EndGlobal
